# THIS IS AN AUTOGENERATED FILE. DO NOT EDIT THIS FILE DIRECTLY.
# yarn lockfile v1


connect-history-api-fallback@^1.6.0:
  version "1.6.0"
  resolved "https://registry.yarnpkg.com/connect-history-api-fallback/-/connect-history-api-fallback-1.6.0.tgz#8b32089359308d111115d81cad3fceab888f97bc"
  integrity sha512-e54B99q/OUoH64zYYRf3HBP5z24G38h5D3qXu23JGRoigpX5Ss4r9ZnDk3g0Z8uQC2x2lPaJ+UlWBc1ZWBWdLg==

material-design-icons-iconfont@^5.0.1:
  version "5.0.1"
  resolved "https://registry.yarnpkg.com/material-design-icons-iconfont/-/material-design-icons-iconfont-5.0.1.tgz#371875ed7fe9c8c520bc7123c3231feeab731c31"
  integrity sha512-Xg6rIdGrfySTqiTZ6d+nQbcFepS6R4uKbJP0oAqyeZXJY/bX6mZDnOmmUJusqLXfhIwirs0c++a6JpqVa8RFvA==

vue-router@^3.1.2:
  version "3.1.2"
  resolved "https://registry.yarnpkg.com/vue-router/-/vue-router-3.1.2.tgz#2e0904703545dabdd42b2b7a2e617f02f99a1969"
  integrity sha512-WssQEHSEvIS1/CI4CO2T8LJdoK4Q9Ngox28K7FDNMTfzNTk2WS5D0dDlqYCaPG+AG4Z8wJkn1KrBc7AhspZJUQ==
